// !$*UTF8*$!
{
	archiveVersion = 1;
	classes = {
	};
	objectVersion = 56;
	objects = {

/* Begin PBXBuildFile section */
		7287BD1E2A2AF96E00C45996 /* FructoseApp.swift in Sources */ = {isa = PBXBuildFile; fileRef = 7287BD1D2A2AF96E00C45996 /* FructoseApp.swift */; };
		7287BD202A2AF96E00C45996 /* ContentView.swift in Sources */ = {isa = PBXBuildFile; fileRef = 7287BD1F2A2AF96E00C45996 /* ContentView.swift */; };
		7287BD222A2AF96E00C45996 /* Assets.xcassets in Resources */ = {isa = PBXBuildFile; fileRef = 7287BD212A2AF96E00C45996 /* Assets.xcassets */; };
		7287BD252A2AF96E00C45996 /* Preview Assets.xcassets in Resources */ = {isa = PBXBuildFile; fileRef = 7287BD242A2AF96E00C45996 /* Preview Assets.xcassets */; };
		7287BD2F2A2AFE9D00C45996 /* FruitCardView.swift in Sources */ = {isa = PBXBuildFile; fileRef = 7287BD2E2A2AFE9D00C45996 /* FruitCardView.swift */; };
		7287BD312A2B02D600C45996 /* StartButtonView.swift in Sources */ = {isa = PBXBuildFile; fileRef = 7287BD302A2B02D600C45996 /* StartButtonView.swift */; };
		7287BD332A2B067C00C45996 /* OnboardingView.swift in Sources */ = {isa = PBXBuildFile; fileRef = 7287BD322A2B067C00C45996 /* OnboardingView.swift */; };
		7287BD352A2B36CC00C45996 /* FruitModel.swift in Sources */ = {isa = PBXBuildFile; fileRef = 7287BD342A2B36CC00C45996 /* FruitModel.swift */; };
		7287BD382A2B37EC00C45996 /* FruitData.swift in Sources */ = {isa = PBXBuildFile; fileRef = 7287BD372A2B37EC00C45996 /* FruitData.swift */; };
		7287BD3A2A2B441300C45996 /* FruitRowView.swift in Sources */ = {isa = PBXBuildFile; fileRef = 7287BD392A2B441300C45996 /* FruitRowView.swift */; };
		7287BD3C2A2B4A7200C45996 /* FruitDetailView.swift in Sources */ = {isa = PBXBuildFile; fileRef = 7287BD3B2A2B4A7200C45996 /* FruitDetailView.swift */; };
		7287BD3E2A2B4F1B00C45996 /* FruitHeaderView.swift in Sources */ = {isa = PBXBuildFile; fileRef = 7287BD3D2A2B4F1B00C45996 /* FruitHeaderView.swift */; };
		7287BD402A2B524300C45996 /* SourceLinkView.swift in Sources */ = {isa = PBXBuildFile; fileRef = 7287BD3F2A2B524300C45996 /* SourceLinkView.swift */; };
		7287BD422A2BAFF700C45996 /* FruitNutrientsView.swift in Sources */ = {isa = PBXBuildFile; fileRef = 7287BD412A2BAFF700C45996 /* FruitNutrientsView.swift */; };
		7287BD442A2BB4E300C45996 /* SettingsView.swift in Sources */ = {isa = PBXBuildFile; fileRef = 7287BD432A2BB4E300C45996 /* SettingsView.swift */; };
		7287BD462A2BBB6600C45996 /* SettingsLableView.swift in Sources */ = {isa = PBXBuildFile; fileRef = 7287BD452A2BBB6600C45996 /* SettingsLableView.swift */; };
/* End PBXBuildFile section */

/* Begin PBXFileReference section */
		7287BD1A2A2AF96E00C45996 /* Fructose.app */ = {isa = PBXFileReference; explicitFileType = wrapper.application; includeInIndex = 0; path = Fructose.app; sourceTree = BUILT_PRODUCTS_DIR; };
		7287BD1D2A2AF96E00C45996 /* FructoseApp.swift */ = {isa = PBXFileReference; lastKnownFileType = sourcecode.swift; path = FructoseApp.swift; sourceTree = "<group>"; };
		7287BD1F2A2AF96E00C45996 /* ContentView.swift */ = {isa = PBXFileReference; lastKnownFileType = sourcecode.swift; path = ContentView.swift; sourceTree = "<group>"; };
		7287BD212A2AF96E00C45996 /* Assets.xcassets */ = {isa = PBXFileReference; lastKnownFileType = folder.assetcatalog; path = Assets.xcassets; sourceTree = "<group>"; };
		7287BD242A2AF96E00C45996 /* Preview Assets.xcassets */ = {isa = PBXFileReference; lastKnownFileType = folder.assetcatalog; path = "Preview Assets.xcassets"; sourceTree = "<group>"; };
		7287BD2E2A2AFE9D00C45996 /* FruitCardView.swift */ = {isa = PBXFileReference; lastKnownFileType = sourcecode.swift; path = FruitCardView.swift; sourceTree = "<group>"; };
		7287BD302A2B02D600C45996 /* StartButtonView.swift */ = {isa = PBXFileReference; lastKnownFileType = sourcecode.swift; path = StartButtonView.swift; sourceTree = "<group>"; };
		7287BD322A2B067C00C45996 /* OnboardingView.swift */ = {isa = PBXFileReference; lastKnownFileType = sourcecode.swift; path = OnboardingView.swift; sourceTree = "<group>"; };
		7287BD342A2B36CC00C45996 /* FruitModel.swift */ = {isa = PBXFileReference; lastKnownFileType = sourcecode.swift; path = FruitModel.swift; sourceTree = "<group>"; };
		7287BD372A2B37EC00C45996 /* FruitData.swift */ = {isa = PBXFileReference; lastKnownFileType = sourcecode.swift; path = FruitData.swift; sourceTree = "<group>"; };
		7287BD392A2B441300C45996 /* FruitRowView.swift */ = {isa = PBXFileReference; lastKnownFileType = sourcecode.swift; path = FruitRowView.swift; sourceTree = "<group>"; };
		7287BD3B2A2B4A7200C45996 /* FruitDetailView.swift */ = {isa = PBXFileReference; lastKnownFileType = sourcecode.swift; path = FruitDetailView.swift; sourceTree = "<group>"; };
		7287BD3D2A2B4F1B00C45996 /* FruitHeaderView.swift */ = {isa = PBXFileReference; lastKnownFileType = sourcecode.swift; path = FruitHeaderView.swift; sourceTree = "<group>"; };
		7287BD3F2A2B524300C45996 /* SourceLinkView.swift */ = {isa = PBXFileReference; lastKnownFileType = sourcecode.swift; path = SourceLinkView.swift; sourceTree = "<group>"; };
		7287BD412A2BAFF700C45996 /* FruitNutrientsView.swift */ = {isa = PBXFileReference; lastKnownFileType = sourcecode.swift; path = FruitNutrientsView.swift; sourceTree = "<group>"; };
		7287BD432A2BB4E300C45996 /* SettingsView.swift */ = {isa = PBXFileReference; lastKnownFileType = sourcecode.swift; path = SettingsView.swift; sourceTree = "<group>"; };
		7287BD452A2BBB6600C45996 /* SettingsLableView.swift */ = {isa = PBXFileReference; lastKnownFileType = sourcecode.swift; path = SettingsLableView.swift; sourceTree = "<group>"; };
/* End PBXFileReference section */

/* Begin PBXFrameworksBuildPhase section */
		7287BD172A2AF96E00C45996 /* Frameworks */ = {
			isa = PBXFrameworksBuildPhase;
			buildActionMask = 2147483647;
			files = (
			);
			runOnlyForDeploymentPostprocessing = 0;
		};
/* End PBXFrameworksBuildPhase section */

/* Begin PBXGroup section */
		7287BD112A2AF96E00C45996 = {
			isa = PBXGroup;
			children = (
				7287BD1C2A2AF96E00C45996 /* Fructose */,
				7287BD1B2A2AF96E00C45996 /* Products */,
			);
			sourceTree = "<group>";
		};
		7287BD1B2A2AF96E00C45996 /* Products */ = {
			isa = PBXGroup;
			children = (
				7287BD1A2A2AF96E00C45996 /* Fructose.app */,
			);
			name = Products;
			sourceTree = "<group>";
		};
		7287BD1C2A2AF96E00C45996 /* Fructose */ = {
			isa = PBXGroup;
			children = (
				7287BD2D2A2AFE7100C45996 /* Model */,
				7287BD362A2B37CF00C45996 /* Data */,
				7287BD2C2A2AFE6700C45996 /* Views */,
				7287BD2B2A2AFE1700C45996 /* Scene */,
				7287BD212A2AF96E00C45996 /* Assets.xcassets */,
				7287BD232A2AF96E00C45996 /* Preview Content */,
			);
			path = Fructose;
			sourceTree = "<group>";
		};
		7287BD232A2AF96E00C45996 /* Preview Content */ = {
			isa = PBXGroup;
			children = (
				7287BD242A2AF96E00C45996 /* Preview Assets.xcassets */,
			);
			path = "Preview Content";
			sourceTree = "<group>";
		};
		7287BD2B2A2AFE1700C45996 /* Scene */ = {
			isa = PBXGroup;
			children = (
				7287BD1D2A2AF96E00C45996 /* FructoseApp.swift */,
				7287BD322A2B067C00C45996 /* OnboardingView.swift */,
				7287BD1F2A2AF96E00C45996 /* ContentView.swift */,
				7287BD3B2A2B4A7200C45996 /* FruitDetailView.swift */,
				7287BD432A2BB4E300C45996 /* SettingsView.swift */,
			);
			path = Scene;
			sourceTree = "<group>";
		};
		7287BD2C2A2AFE6700C45996 /* Views */ = {
			isa = PBXGroup;
			children = (
				7287BD2E2A2AFE9D00C45996 /* FruitCardView.swift */,
				7287BD302A2B02D600C45996 /* StartButtonView.swift */,
				7287BD392A2B441300C45996 /* FruitRowView.swift */,
				7287BD3D2A2B4F1B00C45996 /* FruitHeaderView.swift */,
				7287BD3F2A2B524300C45996 /* SourceLinkView.swift */,
				7287BD412A2BAFF700C45996 /* FruitNutrientsView.swift */,
				7287BD452A2BBB6600C45996 /* SettingsLableView.swift */,
			);
			path = Views;
			sourceTree = "<group>";
		};
		7287BD2D2A2AFE7100C45996 /* Model */ = {
			isa = PBXGroup;
			children = (
				7287BD342A2B36CC00C45996 /* FruitModel.swift */,
			);
			path = Model;
			sourceTree = "<group>";
		};
		7287BD362A2B37CF00C45996 /* Data */ = {
			isa = PBXGroup;
			children = (
				7287BD372A2B37EC00C45996 /* FruitData.swift */,
			);
			path = Data;
			sourceTree = "<group>";
		};
/* End PBXGroup section */

/* Begin PBXNativeTarget section */
		7287BD192A2AF96E00C45996 /* Fructose */ = {
			isa = PBXNativeTarget;
			buildConfigurationList = 7287BD282A2AF96E00C45996 /* Build configuration list for PBXNativeTarget "Fructose" */;
			buildPhases = (
				7287BD162A2AF96E00C45996 /* Sources */,
				7287BD172A2AF96E00C45996 /* Frameworks */,
				7287BD182A2AF96E00C45996 /* Resources */,
			);
			buildRules = (
			);
			dependencies = (
			);
			name = Fructose;
			productName = Fructose;
			productReference = 7287BD1A2A2AF96E00C45996 /* Fructose.app */;
			productType = "com.apple.product-type.application";
		};
/* End PBXNativeTarget section */

/* Begin PBXProject section */
		7287BD122A2AF96E00C45996 /* Project object */ = {
			isa = PBXProject;
			attributes = {
				BuildIndependentTargetsInParallel = 1;
				LastSwiftUpdateCheck = 1430;
				LastUpgradeCheck = 1430;
				TargetAttributes = {
					7287BD192A2AF96E00C45996 = {
						CreatedOnToolsVersion = 14.3;
					};
				};
			};
			buildConfigurationList = 7287BD152A2AF96E00C45996 /* Build configuration list for PBXProject "Fructose" */;
			compatibilityVersion = "Xcode 14.0";
			developmentRegion = en;
			hasScannedForEncodings = 0;
			knownRegions = (
				en,
				Base,
			);
			mainGroup = 7287BD112A2AF96E00C45996;
			productRefGroup = 7287BD1B2A2AF96E00C45996 /* Products */;
			projectDirPath = "";
			projectRoot = "";
			targets = (
				7287BD192A2AF96E00C45996 /* Fructose */,
			);
		};
/* End PBXProject section */

/* Begin PBXResourcesBuildPhase section */
		7287BD182A2AF96E00C45996 /* Resources */ = {
			isa = PBXResourcesBuildPhase;
			buildActionMask = 2147483647;
			files = (
				7287BD252A2AF96E00C45996 /* Preview Assets.xcassets in Resources */,
				7287BD222A2AF96E00C45996 /* Assets.xcassets in Resources */,
			);
			runOnlyForDeploymentPostprocessing = 0;
		};
/* End PBXResourcesBuildPhase section */

/* Begin PBXSourcesBuildPhase section */
		7287BD162A2AF96E00C45996 /* Sources */ = {
			isa = PBXSourcesBuildPhase;
			buildActionMask = 2147483647;
			files = (
				7287BD382A2B37EC00C45996 /* FruitData.swift in Sources */,
				7287BD402A2B524300C45996 /* SourceLinkView.swift in Sources */,
				7287BD2F2A2AFE9D00C45996 /* FruitCardView.swift in Sources */,
				7287BD3A2A2B441300C45996 /* FruitRowView.swift in Sources */,
				7287BD422A2BAFF700C45996 /* FruitNutrientsView.swift in Sources */,
				7287BD312A2B02D600C45996 /* StartButtonView.swift in Sources */,
				7287BD3C2A2B4A7200C45996 /* FruitDetailView.swift in Sources */,
				7287BD202A2AF96E00C45996 /* ContentView.swift in Sources */,
				7287BD3E2A2B4F1B00C45996 /* FruitHeaderView.swift in Sources */,
				7287BD332A2B067C00C45996 /* OnboardingView.swift in Sources */,
				7287BD352A2B36CC00C45996 /* FruitModel.swift in Sources */,
				7287BD1E2A2AF96E00C45996 /* FructoseApp.swift in Sources */,
				7287BD462A2BBB6600C45996 /* SettingsLableView.swift in Sources */,
				7287BD442A2BB4E300C45996 /* SettingsView.swift in Sources */,
			);
			runOnlyForDeploymentPostprocessing = 0;
		};
/* End PBXSourcesBuildPhase section */

/* Begin XCBuildConfiguration section */
		7287BD262A2AF96E00C45996 /* Debug */ = {
			isa = XCBuildConfiguration;
			buildSettings = {
				ALWAYS_SEARCH_USER_PATHS = NO;
				CLANG_ANALYZER_NONNULL = YES;
				CLANG_ANALYZER_NUMBER_OBJECT_CONVERSION = YES_AGGRESSIVE;
				CLANG_CXX_LANGUAGE_STANDARD = "gnu++20";
				CLANG_ENABLE_MODULES = YES;
				CLANG_ENABLE_OBJC_ARC = YES;
				CLANG_ENABLE_OBJC_WEAK = YES;
				CLANG_WARN_BLOCK_CAPTURE_AUTORELEASING = YES;
				CLANG_WARN_BOOL_CONVERSION = YES;
				CLANG_WARN_COMMA = YES;
				CLANG_WARN_CONSTANT_CONVERSION = YES;
				CLANG_WARN_DEPRECATED_OBJC_IMPLEMENTATIONS = YES;
				CLANG_WARN_DIRECT_OBJC_ISA_USAGE = YES_ERROR;
				CLANG_WARN_DOCUMENTATION_COMMENTS = YES;
				CLANG_WARN_EMPTY_BODY = YES;
				CLANG_WARN_ENUM_CONVERSION = YES;
				CLANG_WARN_INFINITE_RECURSION = YES;
				CLANG_WARN_INT_CONVERSION = YES;
				CLANG_WARN_NON_LITERAL_NULL_CONVERSION = YES;
				CLANG_WARN_OBJC_IMPLICIT_RETAIN_SELF = YES;
				CLANG_WARN_OBJC_LITERAL_CONVERSION = YES;
				CLANG_WARN_OBJC_ROOT_CLASS = YES_ERROR;
				CLANG_WARN_QUOTED_INCLUDE_IN_FRAMEWORK_HEADER = YES;
				CLANG_WARN_RANGE_LOOP_ANALYSIS = YES;
				CLANG_WARN_STRICT_PROTOTYPES = YES;
				CLANG_WARN_SUSPICIOUS_MOVE = YES;
				CLANG_WARN_UNGUARDED_AVAILABILITY = YES_AGGRESSIVE;
				CLANG_WARN_UNREACHABLE_CODE = YES;
				CLANG_WARN__DUPLICATE_METHOD_MATCH = YES;
				COPY_PHASE_STRIP = NO;
				DEBUG_INFORMATION_FORMAT = dwarf;
				ENABLE_STRICT_OBJC_MSGSEND = YES;
				ENABLE_TESTABILITY = YES;
				GCC_C_LANGUAGE_STANDARD = gnu11;
				GCC_DYNAMIC_NO_PIC = NO;
				GCC_NO_COMMON_BLOCKS = YES;
				GCC_OPTIMIZATION_LEVEL = 0;
				GCC_PREPROCESSOR_DEFINITIONS = (
					"DEBUG=1",
					"$(inherited)",
				);
				GCC_WARN_64_TO_32_BIT_CONVERSION = YES;
				GCC_WARN_ABOUT_RETURN_TYPE = YES_ERROR;
				GCC_WARN_UNDECLARED_SELECTOR = YES;
				GCC_WARN_UNINITIALIZED_AUTOS = YES_AGGRESSIVE;
				GCC_WARN_UNUSED_FUNCTION = YES;
				GCC_WARN_UNUSED_VARIABLE = YES;
				IPHONEOS_DEPLOYMENT_TARGET = 16.4;
				MTL_ENABLE_DEBUG_INFO = INCLUDE_SOURCE;
				MTL_FAST_MATH = YES;
				ONLY_ACTIVE_ARCH = YES;
				SDKROOT = iphoneos;
				SWIFT_ACTIVE_COMPILATION_CONDITIONS = DEBUG;
				SWIFT_OPTIMIZATION_LEVEL = "-Onone";
			};
			name = Debug;
		};
		7287BD272A2AF96E00C45996 /* Release */ = {
			isa = XCBuildConfiguration;
			buildSettings = {
				ALWAYS_SEARCH_USER_PATHS = NO;
				CLANG_ANALYZER_NONNULL = YES;
				CLANG_ANALYZER_NUMBER_OBJECT_CONVERSION = YES_AGGRESSIVE;
				CLANG_CXX_LANGUAGE_STANDARD = "gnu++20";
				CLANG_ENABLE_MODULES = YES;
				CLANG_ENABLE_OBJC_ARC = YES;
				CLANG_ENABLE_OBJC_WEAK = YES;
				CLANG_WARN_BLOCK_CAPTURE_AUTORELEASING = YES;
				CLANG_WARN_BOOL_CONVERSION = YES;
				CLANG_WARN_COMMA = YES;
				CLANG_WARN_CONSTANT_CONVERSION = YES;
				CLANG_WARN_DEPRECATED_OBJC_IMPLEMENTATIONS = YES;
				CLANG_WARN_DIRECT_OBJC_ISA_USAGE = YES_ERROR;
				CLANG_WARN_DOCUMENTATION_COMMENTS = YES;
				CLANG_WARN_EMPTY_BODY = YES;
				CLANG_WARN_ENUM_CONVERSION = YES;
				CLANG_WARN_INFINITE_RECURSION = YES;
				CLANG_WARN_INT_CONVERSION = YES;
				CLANG_WARN_NON_LITERAL_NULL_CONVERSION = YES;
				CLANG_WARN_OBJC_IMPLICIT_RETAIN_SELF = YES;
				CLANG_WARN_OBJC_LITERAL_CONVERSION = YES;
				CLANG_WARN_OBJC_ROOT_CLASS = YES_ERROR;
				CLANG_WARN_QUOTED_INCLUDE_IN_FRAMEWORK_HEADER = YES;
				CLANG_WARN_RANGE_LOOP_ANALYSIS = YES;
				CLANG_WARN_STRICT_PROTOTYPES = YES;
				CLANG_WARN_SUSPICIOUS_MOVE = YES;
				CLANG_WARN_UNGUARDED_AVAILABILITY = YES_AGGRESSIVE;
				CLANG_WARN_UNREACHABLE_CODE = YES;
				CLANG_WARN__DUPLICATE_METHOD_MATCH = YES;
				COPY_PHASE_STRIP = NO;
				DEBUG_INFORMATION_FORMAT = "dwarf-with-dsym";
				ENABLE_NS_ASSERTIONS = NO;
				ENABLE_STRICT_OBJC_MSGSEND = YES;
				GCC_C_LANGUAGE_STANDARD = gnu11;
				GCC_NO_COMMON_BLOCKS = YES;
				GCC_WARN_64_TO_32_BIT_CONVERSION = YES;
				GCC_WARN_ABOUT_RETURN_TYPE = YES_ERROR;
				GCC_WARN_UNDECLARED_SELECTOR = YES;
				GCC_WARN_UNINITIALIZED_AUTOS = YES_AGGRESSIVE;
				GCC_WARN_UNUSED_FUNCTION = YES;
				GCC_WARN_UNUSED_VARIABLE = YES;
				IPHONEOS_DEPLOYMENT_TARGET = 16.4;
				MTL_ENABLE_DEBUG_INFO = NO;
				MTL_FAST_MATH = YES;
				SDKROOT = iphoneos;
				SWIFT_COMPILATION_MODE = wholemodule;
				SWIFT_OPTIMIZATION_LEVEL = "-O";
				VALIDATE_PRODUCT = YES;
			};
			name = Release;
		};
		7287BD292A2AF96E00C45996 /* Debug */ = {
			isa = XCBuildConfiguration;
			buildSettings = {
				ASSETCATALOG_COMPILER_APPICON_NAME = AppIcon;
				ASSETCATALOG_COMPILER_GLOBAL_ACCENT_COLOR_NAME = AccentColor;
				CODE_SIGN_STYLE = Automatic;
				CURRENT_PROJECT_VERSION = 1;
				DEVELOPMENT_ASSET_PATHS = "\"Fructose/Preview Content\"";
				DEVELOPMENT_TEAM = 678S53ST7A;
				ENABLE_PREVIEWS = YES;
				GENERATE_INFOPLIST_FILE = YES;
				INFOPLIST_KEY_UIApplicationSceneManifest_Generation = YES;
				INFOPLIST_KEY_UIApplicationSupportsIndirectInputEvents = YES;
				INFOPLIST_KEY_UILaunchScreen_Generation = YES;
				INFOPLIST_KEY_UISupportedInterfaceOrientations = UIInterfaceOrientationPortrait;
				INFOPLIST_KEY_UISupportedInterfaceOrientations_iPad = "UIInterfaceOrientationLandscapeLeft UIInterfaceOrientationLandscapeRight UIInterfaceOrientationPortrait UIInterfaceOrientationPortraitUpsideDown";
				LD_RUNPATH_SEARCH_PATHS = (
					"$(inherited)",
					"@executable_path/Frameworks",
				);
				MARKETING_VERSION = 1.0;
				PRODUCT_BUNDLE_IDENTIFIER = tranloi.Fructose;
				PRODUCT_NAME = "$(TARGET_NAME)";
				SWIFT_EMIT_LOC_STRINGS = YES;
				SWIFT_VERSION = 5.0;
				TARGETED_DEVICE_FAMILY = "1,2";
			};
			name = Debug;
		};
		7287BD2A2A2AF96E00C45996 /* Release */ = {
			isa = XCBuildConfiguration;
			buildSettings = {
				ASSETCATALOG_COMPILER_APPICON_NAME = AppIcon;
				ASSETCATALOG_COMPILER_GLOBAL_ACCENT_COLOR_NAME = AccentColor;
				CODE_SIGN_STYLE = Automatic;
				CURRENT_PROJECT_VERSION = 1;
				DEVELOPMENT_ASSET_PATHS = "\"Fructose/Preview Content\"";
				DEVELOPMENT_TEAM = 678S53ST7A;
				ENABLE_PREVIEWS = YES;
				GENERATE_INFOPLIST_FILE = YES;
				INFOPLIST_KEY_UIApplicationSceneManifest_Generation = YES;
				INFOPLIST_KEY_UIApplicationSupportsIndirectInputEvents = YES;
				INFOPLIST_KEY_UILaunchScreen_Generation = YES;
				INFOPLIST_KEY_UISupportedInterfaceOrientations = UIInterfaceOrientationPortrait;
				INFOPLIST_KEY_UISupportedInterfaceOrientations_iPad = "UIInterfaceOrientationLandscapeLeft UIInterfaceOrientationLandscapeRight UIInterfaceOrientationPortrait UIInterfaceOrientationPortraitUpsideDown";
				LD_RUNPATH_SEARCH_PATHS = (
					"$(inherited)",
					"@executable_path/Frameworks",
				);
				MARKETING_VERSION = 1.0;
				PRODUCT_BUNDLE_IDENTIFIER = tranloi.Fructose;
				PRODUCT_NAME = "$(TARGET_NAME)";
				SWIFT_EMIT_LOC_STRINGS = YES;
				SWIFT_VERSION = 5.0;
				TARGETED_DEVICE_FAMILY = "1,2";
			};
			name = Release;
		};
/* End XCBuildConfiguration section */

/* Begin XCConfigurationList section */
		7287BD152A2AF96E00C45996 /* Build configuration list for PBXProject "Fructose" */ = {
			isa = XCConfigurationList;
			buildConfigurations = (
				7287BD262A2AF96E00C45996 /* Debug */,
				7287BD272A2AF96E00C45996 /* Release */,
			);
			defaultConfigurationIsVisible = 0;
			defaultConfigurationName = Release;
		};
		7287BD282A2AF96E00C45996 /* Build configuration list for PBXNativeTarget "Fructose" */ = {
			isa = XCConfigurationList;
			buildConfigurations = (
				7287BD292A2AF96E00C45996 /* Debug */,
				7287BD2A2A2AF96E00C45996 /* Release */,
			);
			defaultConfigurationIsVisible = 0;
			defaultConfigurationName = Release;
		};
/* End XCConfigurationList section */
	};
	rootObject = 7287BD122A2AF96E00C45996 /* Project object */;
}
